// !$*UTF8*$!
{
	archiveVersion = 1;
	classes = {
	};
	objectVersion = 50;
	objects = {

/* Begin PBXBuildFile section */
		7565AF8E25AE1A5A002B4588 /* AppDelegate.swift in Sources */ = {isa = PBXBuildFile; fileRef = 7565AF8D25AE1A5A002B4588 /* AppDelegate.swift */; };
		7565AF9025AE1A5A002B4588 /* SceneDelegate.swift in Sources */ = {isa = PBXBuildFile; fileRef = 7565AF8F25AE1A5A002B4588 /* SceneDelegate.swift */; };
		7565AF9225AE1A5A002B4588 /* ViewController.swift in Sources */ = {isa = PBXBuildFile; fileRef = 7565AF9125AE1A5A002B4588 /* ViewController.swift */; };
		7565AF9525AE1A5A002B4588 /* Main.storyboard in Resources */ = {isa = PBXBuildFile; fileRef = 7565AF9325AE1A5A002B4588 /* Main.storyboard */; };
		7565AF9725AE1A5C002B4588 /* Assets.xcassets in Resources */ = {isa = PBXBuildFile; fileRef = 7565AF9625AE1A5C002B4588 /* Assets.xcassets */; };
		7565AF9A25AE1A5C002B4588 /* LaunchScreen.storyboard in Resources */ = {isa = PBXBuildFile; fileRef = 7565AF9825AE1A5C002B4588 /* LaunchScreen.storyboard */; };
		7565AFAC25AE2791002B4588 /* NSAttributeString.swift in Sources */ = {isa = PBXBuildFile; fileRef = 7565AFAB25AE2791002B4588 /* NSAttributeString.swift */; };
		7565AFAF25AE3B80002B4588 /* Closure.swift in Sources */ = {isa = PBXBuildFile; fileRef = 7565AFAE25AE3B80002B4588 /* Closure.swift */; };
		7565AFB225AE4507002B4588 /* Extension.swift in Sources */ = {isa = PBXBuildFile; fileRef = 7565AFB125AE4507002B4588 /* Extension.swift */; };
/* End PBXBuildFile section */

/* Begin PBXFileReference section */
		7565AF8A25AE1A5A002B4588 /* CalculatorStack.app */ = {isa = PBXFileReference; explicitFileType = wrapper.application; includeInIndex = 0; path = CalculatorStack.app; sourceTree = BUILT_PRODUCTS_DIR; };
		7565AF8D25AE1A5A002B4588 /* AppDelegate.swift */ = {isa = PBXFileReference; lastKnownFileType = sourcecode.swift; path = AppDelegate.swift; sourceTree = "<group>"; };
		7565AF8F25AE1A5A002B4588 /* SceneDelegate.swift */ = {isa = PBXFileReference; lastKnownFileType = sourcecode.swift; path = SceneDelegate.swift; sourceTree = "<group>"; };
		7565AF9125AE1A5A002B4588 /* ViewController.swift */ = {isa = PBXFileReference; lastKnownFileType = sourcecode.swift; path = ViewController.swift; sourceTree = "<group>"; };
		7565AF9425AE1A5A002B4588 /* Base */ = {isa = PBXFileReference; lastKnownFileType = file.storyboard; name = Base; path = Base.lproj/Main.storyboard; sourceTree = "<group>"; };
		7565AF9625AE1A5C002B4588 /* Assets.xcassets */ = {isa = PBXFileReference; lastKnownFileType = folder.assetcatalog; path = Assets.xcassets; sourceTree = "<group>"; };
		7565AF9925AE1A5C002B4588 /* Base */ = {isa = PBXFileReference; lastKnownFileType = file.storyboard; name = Base; path = Base.lproj/LaunchScreen.storyboard; sourceTree = "<group>"; };
		7565AF9B25AE1A5C002B4588 /* Info.plist */ = {isa = PBXFileReference; lastKnownFileType = text.plist.xml; path = Info.plist; sourceTree = "<group>"; };
		7565AFAB25AE2791002B4588 /* NSAttributeString.swift */ = {isa = PBXFileReference; lastKnownFileType = sourcecode.swift; path = NSAttributeString.swift; sourceTree = "<group>"; };
		7565AFAE25AE3B80002B4588 /* Closure.swift */ = {isa = PBXFileReference; lastKnownFileType = sourcecode.swift; path = Closure.swift; sourceTree = "<group>"; };
		7565AFB125AE4507002B4588 /* Extension.swift */ = {isa = PBXFileReference; lastKnownFileType = sourcecode.swift; path = Extension.swift; sourceTree = "<group>"; };
/* End PBXFileReference section */

/* Begin PBXFrameworksBuildPhase section */
		7565AF8725AE1A5A002B4588 /* Frameworks */ = {
			isa = PBXFrameworksBuildPhase;
			buildActionMask = 2147483647;
			files = (
			);
			runOnlyForDeploymentPostprocessing = 0;
		};
/* End PBXFrameworksBuildPhase section */

/* Begin PBXGroup section */
		7565AF8125AE1A59002B4588 = {
			isa = PBXGroup;
			children = (
				7565AF8C25AE1A5A002B4588 /* CalculatorStack */,
				7565AF8B25AE1A5A002B4588 /* Products */,
			);
			sourceTree = "<group>";
		};
		7565AF8B25AE1A5A002B4588 /* Products */ = {
			isa = PBXGroup;
			children = (
				7565AF8A25AE1A5A002B4588 /* CalculatorStack.app */,
			);
			name = Products;
			sourceTree = "<group>";
		};
		7565AF8C25AE1A5A002B4588 /* CalculatorStack */ = {
			isa = PBXGroup;
			children = (
				7565AF8D25AE1A5A002B4588 /* AppDelegate.swift */,
				7565AF8F25AE1A5A002B4588 /* SceneDelegate.swift */,
				7565AF9125AE1A5A002B4588 /* ViewController.swift */,
				7565AFAE25AE3B80002B4588 /* Closure.swift */,
				7565AFAB25AE2791002B4588 /* NSAttributeString.swift */,
				7565AFB125AE4507002B4588 /* Extension.swift */,
				7565AF9325AE1A5A002B4588 /* Main.storyboard */,
				7565AF9625AE1A5C002B4588 /* Assets.xcassets */,
				7565AF9825AE1A5C002B4588 /* LaunchScreen.storyboard */,
				7565AF9B25AE1A5C002B4588 /* Info.plist */,
			);
			path = CalculatorStack;
			sourceTree = "<group>";
		};
/* End PBXGroup section */

/* Begin PBXNativeTarget section */
		7565AF8925AE1A5A002B4588 /* CalculatorStack */ = {
			isa = PBXNativeTarget;
			buildConfigurationList = 7565AF9E25AE1A5C002B4588 /* Build configuration list for PBXNativeTarget "CalculatorStack" */;
			buildPhases = (
				7565AF8625AE1A5A002B4588 /* Sources */,
				7565AF8725AE1A5A002B4588 /* Frameworks */,
				7565AF8825AE1A5A002B4588 /* Resources */,
			);
			buildRules = (
			);
			dependencies = (
			);
			name = CalculatorStack;
			productName = CalculatorStack;
			productReference = 7565AF8A25AE1A5A002B4588 /* CalculatorStack.app */;
			productType = "com.apple.product-type.application";
		};
/* End PBXNativeTarget section */

/* Begin PBXProject section */
		7565AF8225AE1A59002B4588 /* Project object */ = {
			isa = PBXProject;
			attributes = {
				LastSwiftUpdateCheck = 1230;
				LastUpgradeCheck = 1230;
				TargetAttributes = {
					7565AF8925AE1A5A002B4588 = {
						CreatedOnToolsVersion = 12.3;
					};
				};
			};
			buildConfigurationList = 7565AF8525AE1A59002B4588 /* Build configuration list for PBXProject "CalculatorStack" */;
			compatibilityVersion = "Xcode 9.3";
			developmentRegion = en;
			hasScannedForEncodings = 0;
			knownRegions = (
				en,
				Base,
			);
			mainGroup = 7565AF8125AE1A59002B4588;
			productRefGroup = 7565AF8B25AE1A5A002B4588 /* Products */;
			projectDirPath = "";
			projectRoot = "";
			targets = (
				7565AF8925AE1A5A002B4588 /* CalculatorStack */,
			);
		};
/* End PBXProject section */

/* Begin PBXResourcesBuildPhase section */
		7565AF8825AE1A5A002B4588 /* Resources */ = {
			isa = PBXResourcesBuildPhase;
			buildActionMask = 2147483647;
			files = (
				7565AF9A25AE1A5C002B4588 /* LaunchScreen.storyboard in Resources */,
				7565AF9725AE1A5C002B4588 /* Assets.xcassets in Resources */,
				7565AF9525AE1A5A002B4588 /* Main.storyboard in Resources */,
			);
			runOnlyForDeploymentPostprocessing = 0;
		};
/* End PBXResourcesBuildPhase section */

/* Begin PBXSourcesBuildPhase section */
		7565AF8625AE1A5A002B4588 /* Sources */ = {
			isa = PBXSourcesBuildPhase;
			buildActionMask = 2147483647;
			files = (
				7565AF9225AE1A5A002B4588 /* ViewController.swift in Sources */,
				7565AF8E25AE1A5A002B4588 /* AppDelegate.swift in Sources */,
				7565AFAF25AE3B80002B4588 /* Closure.swift in Sources */,
				7565AFB225AE4507002B4588 /* Extension.swift in Sources */,
				7565AFAC25AE2791002B4588 /* NSAttributeString.swift in Sources */,
				7565AF9025AE1A5A002B4588 /* SceneDelegate.swift in Sources */,
			);
			runOnlyForDeploymentPostprocessing = 0;
		};
/* End PBXSourcesBuildPhase section */

/* Begin PBXVariantGroup section */
		7565AF9325AE1A5A002B4588 /* Main.storyboard */ = {
			isa = PBXVariantGroup;
			children = (
				7565AF9425AE1A5A002B4588 /* Base */,
			);
			name = Main.storyboard;
			sourceTree = "<group>";
		};
		7565AF9825AE1A5C002B4588 /* LaunchScreen.storyboard */ = {
			isa = PBXVariantGroup;
			children = (
				7565AF9925AE1A5C002B4588 /* Base */,
			);
			name = LaunchScreen.storyboard;
			sourceTree = "<group>";
		};
/* End PBXVariantGroup section */

/* Begin XCBuildConfiguration section */
		7565AF9C25AE1A5C002B4588 /* Debug */ = {
			isa = XCBuildConfiguration;
			buildSettings = {
				ALWAYS_SEARCH_USER_PATHS = NO;
				CLANG_ANALYZER_NONNULL = YES;
				CLANG_ANALYZER_NUMBER_OBJECT_CONVERSION = YES_AGGRESSIVE;
				CLANG_CXX_LANGUAGE_STANDARD = "gnu++14";
				CLANG_CXX_LIBRARY = "libc++";
				CLANG_ENABLE_MODULES = YES;
				CLANG_ENABLE_OBJC_ARC = YES;
				CLANG_ENABLE_OBJC_WEAK = YES;
				CLANG_WARN_BLOCK_CAPTURE_AUTORELEASING = YES;
				CLANG_WARN_BOOL_CONVERSION = YES;
				CLANG_WARN_COMMA = YES;
				CLANG_WARN_CONSTANT_CONVERSION = YES;
				CLANG_WARN_DEPRECATED_OBJC_IMPLEMENTATIONS = YES;
				CLANG_WARN_DIRECT_OBJC_ISA_USAGE = YES_ERROR;
				CLANG_WARN_DOCUMENTATION_COMMENTS = YES;
				CLANG_WARN_EMPTY_BODY = YES;
				CLANG_WARN_ENUM_CONVERSION = YES;
				CLANG_WARN_INFINITE_RECURSION = YES;
				CLANG_WARN_INT_CONVERSION = YES;
				CLANG_WARN_NON_LITERAL_NULL_CONVERSION = YES;
				CLANG_WARN_OBJC_IMPLICIT_RETAIN_SELF = YES;
				CLANG_WARN_OBJC_LITERAL_CONVERSION = YES;
				CLANG_WARN_OBJC_ROOT_CLASS = YES_ERROR;
				CLANG_WARN_QUOTED_INCLUDE_IN_FRAMEWORK_HEADER = YES;
				CLANG_WARN_RANGE_LOOP_ANALYSIS = YES;
				CLANG_WARN_STRICT_PROTOTYPES = YES;
				CLANG_WARN_SUSPICIOUS_MOVE = YES;
				CLANG_WARN_UNGUARDED_AVAILABILITY = YES_AGGRESSIVE;
				CLANG_WARN_UNREACHABLE_CODE = YES;
				CLANG_WARN__DUPLICATE_METHOD_MATCH = YES;
				COPY_PHASE_STRIP = NO;
				DEBUG_INFORMATION_FORMAT = dwarf;
				ENABLE_STRICT_OBJC_MSGSEND = YES;
				ENABLE_TESTABILITY = YES;
				GCC_C_LANGUAGE_STANDARD = gnu11;
				GCC_DYNAMIC_NO_PIC = NO;
				GCC_NO_COMMON_BLOCKS = YES;
				GCC_OPTIMIZATION_LEVEL = 0;
				GCC_PREPROCESSOR_DEFINITIONS = (
					"DEBUG=1",
					"$(inherited)",
				);
				GCC_WARN_64_TO_32_BIT_CONVERSION = YES;
				GCC_WARN_ABOUT_RETURN_TYPE = YES_ERROR;
				GCC_WARN_UNDECLARED_SELECTOR = YES;
				GCC_WARN_UNINITIALIZED_AUTOS = YES_AGGRESSIVE;
				GCC_WARN_UNUSED_FUNCTION = YES;
				GCC_WARN_UNUSED_VARIABLE = YES;
				IPHONEOS_DEPLOYMENT_TARGET = 14.3;
				MTL_ENABLE_DEBUG_INFO = INCLUDE_SOURCE;
				MTL_FAST_MATH = YES;
				ONLY_ACTIVE_ARCH = YES;
				SDKROOT = iphoneos;
				SWIFT_ACTIVE_COMPILATION_CONDITIONS = DEBUG;
				SWIFT_OPTIMIZATION_LEVEL = "-Onone";
			};
			name = Debug;
		};
		7565AF9D25AE1A5C002B4588 /* Release */ = {
			isa = XCBuildConfiguration;
			buildSettings = {
				ALWAYS_SEARCH_USER_PATHS = NO;
				CLANG_ANALYZER_NONNULL = YES;
				CLANG_ANALYZER_NUMBER_OBJECT_CONVERSION = YES_AGGRESSIVE;
				CLANG_CXX_LANGUAGE_STANDARD = "gnu++14";
				CLANG_CXX_LIBRARY = "libc++";
				CLANG_ENABLE_MODULES = YES;
				CLANG_ENABLE_OBJC_ARC = YES;
				CLANG_ENABLE_OBJC_WEAK = YES;
				CLANG_WARN_BLOCK_CAPTURE_AUTORELEASING = YES;
				CLANG_WARN_BOOL_CONVERSION = YES;
				CLANG_WARN_COMMA = YES;
				CLANG_WARN_CONSTANT_CONVERSION = YES;
				CLANG_WARN_DEPRECATED_OBJC_IMPLEMENTATIONS = YES;
				CLANG_WARN_DIRECT_OBJC_ISA_USAGE = YES_ERROR;
				CLANG_WARN_DOCUMENTATION_COMMENTS = YES;
				CLANG_WARN_EMPTY_BODY = YES;
				CLANG_WARN_ENUM_CONVERSION = YES;
				CLANG_WARN_INFINITE_RECURSION = YES;
				CLANG_WARN_INT_CONVERSION = YES;
				CLANG_WARN_NON_LITERAL_NULL_CONVERSION = YES;
				CLANG_WARN_OBJC_IMPLICIT_RETAIN_SELF = YES;
				CLANG_WARN_OBJC_LITERAL_CONVERSION = YES;
				CLANG_WARN_OBJC_ROOT_CLASS = YES_ERROR;
				CLANG_WARN_QUOTED_INCLUDE_IN_FRAMEWORK_HEADER = YES;
				CLANG_WARN_RANGE_LOOP_ANALYSIS = YES;
				CLANG_WARN_STRICT_PROTOTYPES = YES;
				CLANG_WARN_SUSPICIOUS_MOVE = YES;
				CLANG_WARN_UNGUARDED_AVAILABILITY = YES_AGGRESSIVE;
				CLANG_WARN_UNREACHABLE_CODE = YES;
				CLANG_WARN__DUPLICATE_METHOD_MATCH = YES;
				COPY_PHASE_STRIP = NO;
				DEBUG_INFORMATION_FORMAT = "dwarf-with-dsym";
				ENABLE_NS_ASSERTIONS = NO;
				ENABLE_STRICT_OBJC_MSGSEND = YES;
				GCC_C_LANGUAGE_STANDARD = gnu11;
				GCC_NO_COMMON_BLOCKS = YES;
				GCC_WARN_64_TO_32_BIT_CONVERSION = YES;
				GCC_WARN_ABOUT_RETURN_TYPE = YES_ERROR;
				GCC_WARN_UNDECLARED_SELECTOR = YES;
				GCC_WARN_UNINITIALIZED_AUTOS = YES_AGGRESSIVE;
				GCC_WARN_UNUSED_FUNCTION = YES;
				GCC_WARN_UNUSED_VARIABLE = YES;
				IPHONEOS_DEPLOYMENT_TARGET = 14.3;
				MTL_ENABLE_DEBUG_INFO = NO;
				MTL_FAST_MATH = YES;
				SDKROOT = iphoneos;
				SWIFT_COMPILATION_MODE = wholemodule;
				SWIFT_OPTIMIZATION_LEVEL = "-O";
				VALIDATE_PRODUCT = YES;
			};
			name = Release;
		};
		7565AF9F25AE1A5C002B4588 /* Debug */ = {
			isa = XCBuildConfiguration;
			buildSettings = {
				ASSETCATALOG_COMPILER_APPICON_NAME = AppIcon;
				ASSETCATALOG_COMPILER_GLOBAL_ACCENT_COLOR_NAME = AccentColor;
				CODE_SIGN_STYLE = Automatic;
				DEVELOPMENT_TEAM = KT9QPL7XPR;
				INFOPLIST_FILE = CalculatorStack/Info.plist;
				LD_RUNPATH_SEARCH_PATHS = (
					"$(inherited)",
					"@executable_path/Frameworks",
				);
				PRODUCT_BUNDLE_IDENTIFIER = arturiniyo.CalculatorStack;
				PRODUCT_NAME = "$(TARGET_NAME)";
				SWIFT_VERSION = 5.0;
				TARGETED_DEVICE_FAMILY = "1,2";
			};
			name = Debug;
		};
		7565AFA025AE1A5C002B4588 /* Release */ = {
			isa = XCBuildConfiguration;
			buildSettings = {
				ASSETCATALOG_COMPILER_APPICON_NAME = AppIcon;
				ASSETCATALOG_COMPILER_GLOBAL_ACCENT_COLOR_NAME = AccentColor;
				CODE_SIGN_STYLE = Automatic;
				DEVELOPMENT_TEAM = KT9QPL7XPR;
				INFOPLIST_FILE = CalculatorStack/Info.plist;
				LD_RUNPATH_SEARCH_PATHS = (
					"$(inherited)",
					"@executable_path/Frameworks",
				);
				PRODUCT_BUNDLE_IDENTIFIER = arturiniyo.CalculatorStack;
				PRODUCT_NAME = "$(TARGET_NAME)";
				SWIFT_VERSION = 5.0;
				TARGETED_DEVICE_FAMILY = "1,2";
			};
			name = Release;
		};
/* End XCBuildConfiguration section */

/* Begin XCConfigurationList section */
		7565AF8525AE1A59002B4588 /* Build configuration list for PBXProject "CalculatorStack" */ = {
			isa = XCConfigurationList;
			buildConfigurations = (
				7565AF9C25AE1A5C002B4588 /* Debug */,
				7565AF9D25AE1A5C002B4588 /* Release */,
			);
			defaultConfigurationIsVisible = 0;
			defaultConfigurationName = Release;
		};
		7565AF9E25AE1A5C002B4588 /* Build configuration list for PBXNativeTarget "CalculatorStack" */ = {
			isa = XCConfigurationList;
			buildConfigurations = (
				7565AF9F25AE1A5C002B4588 /* Debug */,
				7565AFA025AE1A5C002B4588 /* Release */,
			);
			defaultConfigurationIsVisible = 0;
			defaultConfigurationName = Release;
		};
/* End XCConfigurationList section */
	};
	rootObject = 7565AF8225AE1A59002B4588 /* Project object */;
}
